github.com/myafeier/log v1.0.0 h1:+ZNrQGWLHQM4R3mct5QZaE1DZ9BiqvI5C6knLDTDops=
github.com/myafeier/log v1.0.0/go.mod h1:tHEemLmz4B5zhHzbT27WMFP98Ey9fIorF+m32nNHUTY=
github.com/pkg/errors v0.9.1 h1:FEBLx1zS214owpjy7qsBeixbURkuhQAwrK5UwLGTwt4=
github.com/pkg/errors v0.9.1/go.mod h1:bwawxfHBFNV+L2hUp1rHADufV3IMtnDRdf1r5NINEl0=
